# This file is automatically @generated by Cargo.
# It is not intended for manual editing.
version = 4

[[package]]
name = "bitflags"
version = "2.13.2"
source = "registry+https://github.com/rust-lang/crates.io-index"
checksum = "3ded4057c258ba199e2d26386d3af3780957ecaee6c4ef4041c6b4b8b97c0b06"

[[package]]
name = "dyno"
version = "0.1.2"
dependencies = [
 "farever-more-sdk",
]

[[package]]
name = "farever-more-sdk"
version = "1.1.0"
dependencies = [
 "wit-bindgen-rt",
]

[[package]]
name = "farever-poi-protocol"
version = "0.1.0"
dependencies = [
 "farever-more-sdk",
]

[[package]]
name = "farever-waypoint-protocol"
version = "1.0.0"
dependencies = [
 "farever-more-sdk",
]

[[package]]
name = "gps"
version = "0.2.0"
dependencies = [
 "farever-more-sdk",
 "farever-waypoint-protocol",
]

[[package]]
name = "map-waypoints"
version = "0.1.0"
dependencies = [
 "farever-more-sdk",
 "farever-poi-protocol",
 "farever-waypoint-protocol",
]

[[package]]
name = "minimap"
version = "0.1.2"
dependencies = [
 "farever-more-sdk",
 "farever-poi-protocol",
 "farever-waypoint-protocol",
]

[[package]]
name = "poi-database"
version = "0.1.0"
dependencies = [
 "farever-more-sdk",
 "farever-poi-protocol",
]

[[package]]
name = "wit-bindgen-rt"
version = "0.41.0"
source = "registry+https://github.com/rust-lang/crates.io-index"
checksum = "c4db52a11d4dfb0a59f194c064055794ee6564eb1ced88c25da2cf76e50c5621"
dependencies = [
 "bitflags",
]
